// !$*UTF8*$!
{
	archiveVersion = 1;
	classes = {
	};
	objectVersion = 46;
	objects = {

/* Begin PBXBuildFile section */
		5635B436196F1B2ED4B8D4CB /* libPods-TuringCop.a in Frameworks */ = {isa = PBXBuildFile; fileRef = 6E4550A087E56041E29E0AC9 /* libPods-TuringCop.a */; };
		DA01567A1C6A26C400FAC166 /* mcreatoradditemtext.m in Sources */ = {isa = PBXBuildFile; fileRef = DA0156791C6A26C400FAC166 /* mcreatoradditemtext.m */; };
		DA01567D1C6A26CE00FAC166 /* mcreatoradditemcolor.m in Sources */ = {isa = PBXBuildFile; fileRef = DA01567C1C6A26CE00FAC166 /* mcreatoradditemcolor.m */; };
		DA0156801C6A26D700FAC166 /* mcreatoradditemimage.m in Sources */ = {isa = PBXBuildFile; fileRef = DA01567F1C6A26D700FAC166 /* mcreatoradditemimage.m */; };
		DA0156831C6A26E200FAC166 /* mcreatoradditemnumber.m in Sources */ = {isa = PBXBuildFile; fileRef = DA0156821C6A26E200FAC166 /* mcreatoradditemnumber.m */; };
		DA0156861C6A27F800FAC166 /* vcreatoradd.m in Sources */ = {isa = PBXBuildFile; fileRef = DA0156851C6A27F800FAC166 /* vcreatoradd.m */; };
		DA0156891C6A2B5700FAC166 /* vcreatoraddheader.m in Sources */ = {isa = PBXBuildFile; fileRef = DA0156881C6A2B5700FAC166 /* vcreatoraddheader.m */; };
		DA01568C1C6A2B6000FAC166 /* vcreatoraddcel.m in Sources */ = {isa = PBXBuildFile; fileRef = DA01568B1C6A2B6000FAC166 /* vcreatoraddcel.m */; };
		DA01568F1C6A2B8B00FAC166 /* vcreatoraddceltext.m in Sources */ = {isa = PBXBuildFile; fileRef = DA01568E1C6A2B8B00FAC166 /* vcreatoraddceltext.m */; };
		DA0156921C6A2B9500FAC166 /* vcreatoraddcelcolor.m in Sources */ = {isa = PBXBuildFile; fileRef = DA0156911C6A2B9500FAC166 /* vcreatoraddcelcolor.m */; };
		DA0156951C6A2BA200FAC166 /* vcreatoraddcelimage.m in Sources */ = {isa = PBXBuildFile; fileRef = DA0156941C6A2BA200FAC166 /* vcreatoraddcelimage.m */; };
		DA0156981C6A2BAD00FAC166 /* vcreatoraddcelnumber.m in Sources */ = {isa = PBXBuildFile; fileRef = DA0156971C6A2BAD00FAC166 /* vcreatoraddcelnumber.m */; };
		DA01569B1C6A2E3500FAC166 /* vcreatoraddfooter.m in Sources */ = {isa = PBXBuildFile; fileRef = DA01569A1C6A2E3500FAC166 /* vcreatoraddfooter.m */; };
		DA01569F1C6A300D00FAC166 /* mcreatoraddtypetext.m in Sources */ = {isa = PBXBuildFile; fileRef = DA01569E1C6A300D00FAC166 /* mcreatoraddtypetext.m */; };
		DA0156A21C6A303A00FAC166 /* mcreatoraddtypecolor.m in Sources */ = {isa = PBXBuildFile; fileRef = DA0156A11C6A303A00FAC166 /* mcreatoraddtypecolor.m */; };
		DA0156A51C6A308D00FAC166 /* mcreatoraddtypeimage.m in Sources */ = {isa = PBXBuildFile; fileRef = DA0156A41C6A308D00FAC166 /* mcreatoraddtypeimage.m */; };
		DA0156A81C6A309F00FAC166 /* mcreatoraddtypenumber.m in Sources */ = {isa = PBXBuildFile; fileRef = DA0156A71C6A309F00FAC166 /* mcreatoraddtypenumber.m */; };
		DA84486D1C6926E7007B634F /* crate.m in Sources */ = {isa = PBXBuildFile; fileRef = DA84486C1C6926E7007B634F /* crate.m */; };
		DA84486F1C692C58007B634F /* Images.xcassets in Resources */ = {isa = PBXBuildFile; fileRef = DA84486E1C692C58007B634F /* Images.xcassets */; };
		DA8448711C692CBB007B634F /* in in Resources */ = {isa = PBXBuildFile; fileRef = DA8448701C692CBB007B634F /* in */; };
		DA8448751C693547007B634F /* cturing.m in Sources */ = {isa = PBXBuildFile; fileRef = DA8448741C693547007B634F /* cturing.m */; };
		DA8448791C6937DF007B634F /* cstatus.m in Sources */ = {isa = PBXBuildFile; fileRef = DA8448781C6937DF007B634F /* cstatus.m */; };
		DA84487D1C6938F1007B634F /* vstatus.m in Sources */ = {isa = PBXBuildFile; fileRef = DA84487C1C6938F1007B634F /* vstatus.m */; };
		DA8448801C693B3D007B634F /* vstatusbar.m in Sources */ = {isa = PBXBuildFile; fileRef = DA84487F1C693B3D007B634F /* vstatusbar.m */; };
		DA8448841C694717007B634F /* vturing.m in Sources */ = {isa = PBXBuildFile; fileRef = DA8448831C694717007B634F /* vturing.m */; };
		DA8448871C6949BF007B634F /* vturingbar.m in Sources */ = {isa = PBXBuildFile; fileRef = DA8448861C6949BF007B634F /* vturingbar.m */; };
		DA84488A1C6949D2007B634F /* vturingheader.m in Sources */ = {isa = PBXBuildFile; fileRef = DA8448891C6949D2007B634F /* vturingheader.m */; };
		DA84488D1C6949DC007B634F /* vturingcel.m in Sources */ = {isa = PBXBuildFile; fileRef = DA84488C1C6949DC007B634F /* vturingcel.m */; };
		DA8448901C6950DF007B634F /* Localizable.strings in Resources */ = {isa = PBXBuildFile; fileRef = DA84488E1C6950DF007B634F /* Localizable.strings */; };
		DA8448941C69525A007B634F /* ccreator.m in Sources */ = {isa = PBXBuildFile; fileRef = DA8448931C69525A007B634F /* ccreator.m */; };
		DA8448981C6952D0007B634F /* vcreator.m in Sources */ = {isa = PBXBuildFile; fileRef = DA8448971C6952D0007B634F /* vcreator.m */; };
		DA84489B1C695398007B634F /* vcreatorheader.m in Sources */ = {isa = PBXBuildFile; fileRef = DA84489A1C695398007B634F /* vcreatorheader.m */; };
		DA84489E1C6953A3007B634F /* vcreatorcel.m in Sources */ = {isa = PBXBuildFile; fileRef = DA84489D1C6953A3007B634F /* vcreatorcel.m */; };
		DA8448A11C695C7B007B634F /* vcreatorheadercel.m in Sources */ = {isa = PBXBuildFile; fileRef = DA8448A01C695C7B007B634F /* vcreatorheadercel.m */; };
		DA8448A51C695CF0007B634F /* mcreatorheader.m in Sources */ = {isa = PBXBuildFile; fileRef = DA8448A41C695CF0007B634F /* mcreatorheader.m */; };
		DA8448A91C695D0D007B634F /* mcreatorheaderadd.m in Sources */ = {isa = PBXBuildFile; fileRef = DA8448A81C695D0D007B634F /* mcreatorheaderadd.m */; };
		DA8448AC1C695D1A007B634F /* mcreatorheaderexport.m in Sources */ = {isa = PBXBuildFile; fileRef = DA8448AB1C695D1A007B634F /* mcreatorheaderexport.m */; };
		DA8448AF1C695D34007B634F /* mcreatorheaderclose.m in Sources */ = {isa = PBXBuildFile; fileRef = DA8448AE1C695D34007B634F /* mcreatorheaderclose.m */; };
		DA8448B21C69699A007B634F /* ccreatoradd.m in Sources */ = {isa = PBXBuildFile; fileRef = DA8448B11C69699A007B634F /* ccreatoradd.m */; };
		DA8448B51C696F8B007B634F /* mcreatoradd.m in Sources */ = {isa = PBXBuildFile; fileRef = DA8448B41C696F8B007B634F /* mcreatoradd.m */; };
		DA8448B81C696FDA007B634F /* mcreatoraddtitle.m in Sources */ = {isa = PBXBuildFile; fileRef = DA8448B71C696FDA007B634F /* mcreatoraddtitle.m */; };
		DA8448BB1C696FE6007B634F /* mcreatoradditem.m in Sources */ = {isa = PBXBuildFile; fileRef = DA8448BA1C696FE6007B634F /* mcreatoradditem.m */; };
		DA97E3FA1C6920D90084FFDF /* turingcop.db in Resources */ = {isa = PBXBuildFile; fileRef = DA97E3AF1C6920D90084FFDF /* turingcop.db */; };
		DA97E3FB1C6920D90084FFDF /* analytics.plist in Resources */ = {isa = PBXBuildFile; fileRef = DA97E3B41C6920D90084FFDF /* analytics.plist */; };
		DA97E3FC1C6920D90084FFDF /* defs.plist in Resources */ = {isa = PBXBuildFile; fileRef = DA97E3B51C6920D90084FFDF /* defs.plist */; };
		DA97E3FE1C6920D90084FFDF /* appdel.m in Sources */ = {isa = PBXBuildFile; fileRef = DA97E3BC1C6920D90084FFDF /* appdel.m */; };
		DA97E4001C6920D90084FFDF /* main.m in Sources */ = {isa = PBXBuildFile; fileRef = DA97E3BE1C6920D90084FFDF /* main.m */; };
		DA97E4011C6920D90084FFDF /* analytics.m in Sources */ = {isa = PBXBuildFile; fileRef = DA97E3C11C6920D90084FFDF /* analytics.m */; };
		DA97E4021C6920D90084FFDF /* tools.m in Sources */ = {isa = PBXBuildFile; fileRef = DA97E3C51C6920D90084FFDF /* tools.m */; };
		DA97E4031C6920D90084FFDF /* updater.m in Sources */ = {isa = PBXBuildFile; fileRef = DA97E3C71C6920D90084FFDF /* updater.m */; };
		DA97E4041C6920D90084FFDF /* libdb.a in Frameworks */ = {isa = PBXBuildFile; fileRef = DA97E3CD1C6920D90084FFDF /* libdb.a */; };
		DA97E4051C6920D90084FFDF /* libtimerbg.a in Frameworks */ = {isa = PBXBuildFile; fileRef = DA97E3CE1C6920D90084FFDF /* libtimerbg.a */; };
		DA97E4061C6920D90084FFDF /* cmain.m in Sources */ = {isa = PBXBuildFile; fileRef = DA97E3D71C6920D90084FFDF /* cmain.m */; };
		DA97E4071C6920D90084FFDF /* cpages.m in Sources */ = {isa = PBXBuildFile; fileRef = DA97E3DA1C6920D90084FFDF /* cpages.m */; };
		DA97E4081C6920D90084FFDF /* mdb.m in Sources */ = {isa = PBXBuildFile; fileRef = DA97E3DE1C6920D90084FFDF /* mdb.m */; };
		DA97E4091C6920D90084FFDF /* mdbcreate.m in Sources */ = {isa = PBXBuildFile; fileRef = DA97E3E01C6920D90084FFDF /* mdbcreate.m */; };
		DA97E40A1C6920D90084FFDF /* mdirs.m in Sources */ = {isa = PBXBuildFile; fileRef = DA97E3E31C6920D90084FFDF /* mdirs.m */; };
		DA97E40B1C6920D90084FFDF /* valert.m in Sources */ = {isa = PBXBuildFile; fileRef = DA97E3EA1C6920D90084FFDF /* valert.m */; };
		DA97E40C1C6920D90084FFDF /* vblur.m in Sources */ = {isa = PBXBuildFile; fileRef = DA97E3ED1C6920D90084FFDF /* vblur.m */; };
		DA97E40D1C6920D90084FFDF /* viewbase.m in Sources */ = {isa = PBXBuildFile; fileRef = DA97E3EF1C6920D90084FFDF /* viewbase.m */; };
		DA97E40E1C6920D90084FFDF /* vspinner.m in Sources */ = {isa = PBXBuildFile; fileRef = DA97E3F11C6920D90084FFDF /* vspinner.m */; };
		DA97E40F1C6920D90084FFDF /* vrate.m in Sources */ = {isa = PBXBuildFile; fileRef = DA97E3F41C6920D90084FFDF /* vrate.m */; };
		DA97E4101C6920D90084FFDF /* vratemenu.m in Sources */ = {isa = PBXBuildFile; fileRef = DA97E3F61C6920D90084FFDF /* vratemenu.m */; };
		DA97E4111C6920D90084FFDF /* vratemenucel.m in Sources */ = {isa = PBXBuildFile; fileRef = DA97E3F81C6920D90084FFDF /* vratemenucel.m */; };
/* End PBXBuildFile section */

/* Begin PBXFileReference section */
		6A1C7E1967ABA1D73AAC0B0B /* Pods-TuringCop.release.xcconfig */ = {isa = PBXFileReference; includeInIndex = 1; lastKnownFileType = text.xcconfig; name = "Pods-TuringCop.release.xcconfig"; path = "Pods/Target Support Files/Pods-TuringCop/Pods-TuringCop.release.xcconfig"; sourceTree = "<group>"; };
		6E4550A087E56041E29E0AC9 /* libPods-TuringCop.a */ = {isa = PBXFileReference; explicitFileType = archive.ar; includeInIndex = 0; path = "libPods-TuringCop.a"; sourceTree = BUILT_PRODUCTS_DIR; };
		DA0156781C6A26C400FAC166 /* mcreatoradditemtext.h */ = {isa = PBXFileReference; fileEncoding = 4; lastKnownFileType = sourcecode.c.h; path = mcreatoradditemtext.h; sourceTree = "<group>"; };
		DA0156791C6A26C400FAC166 /* mcreatoradditemtext.m */ = {isa = PBXFileReference; fileEncoding = 4; lastKnownFileType = sourcecode.c.objc; path = mcreatoradditemtext.m; sourceTree = "<group>"; };
		DA01567B1C6A26CE00FAC166 /* mcreatoradditemcolor.h */ = {isa = PBXFileReference; fileEncoding = 4; lastKnownFileType = sourcecode.c.h; path = mcreatoradditemcolor.h; sourceTree = "<group>"; };
		DA01567C1C6A26CE00FAC166 /* mcreatoradditemcolor.m */ = {isa = PBXFileReference; fileEncoding = 4; lastKnownFileType = sourcecode.c.objc; path = mcreatoradditemcolor.m; sourceTree = "<group>"; };
		DA01567E1C6A26D700FAC166 /* mcreatoradditemimage.h */ = {isa = PBXFileReference; fileEncoding = 4; lastKnownFileType = sourcecode.c.h; path = mcreatoradditemimage.h; sourceTree = "<group>"; };
		DA01567F1C6A26D700FAC166 /* mcreatoradditemimage.m */ = {isa = PBXFileReference; fileEncoding = 4; lastKnownFileType = sourcecode.c.objc; path = mcreatoradditemimage.m; sourceTree = "<group>"; };
		DA0156811C6A26E200FAC166 /* mcreatoradditemnumber.h */ = {isa = PBXFileReference; fileEncoding = 4; lastKnownFileType = sourcecode.c.h; path = mcreatoradditemnumber.h; sourceTree = "<group>"; };
		DA0156821C6A26E200FAC166 /* mcreatoradditemnumber.m */ = {isa = PBXFileReference; fileEncoding = 4; lastKnownFileType = sourcecode.c.objc; path = mcreatoradditemnumber.m; sourceTree = "<group>"; };
		DA0156841C6A27F800FAC166 /* vcreatoradd.h */ = {isa = PBXFileReference; fileEncoding = 4; lastKnownFileType = sourcecode.c.h; path = vcreatoradd.h; sourceTree = "<group>"; };
		DA0156851C6A27F800FAC166 /* vcreatoradd.m */ = {isa = PBXFileReference; fileEncoding = 4; lastKnownFileType = sourcecode.c.objc; path = vcreatoradd.m; sourceTree = "<group>"; };
		DA0156871C6A2B5700FAC166 /* vcreatoraddheader.h */ = {isa = PBXFileReference; fileEncoding = 4; lastKnownFileType = sourcecode.c.h; path = vcreatoraddheader.h; sourceTree = "<group>"; };
		DA0156881C6A2B5700FAC166 /* vcreatoraddheader.m */ = {isa = PBXFileReference; fileEncoding = 4; lastKnownFileType = sourcecode.c.objc; path = vcreatoraddheader.m; sourceTree = "<group>"; };
		DA01568A1C6A2B6000FAC166 /* vcreatoraddcel.h */ = {isa = PBXFileReference; fileEncoding = 4; lastKnownFileType = sourcecode.c.h; path = vcreatoraddcel.h; sourceTree = "<group>"; };
		DA01568B1C6A2B6000FAC166 /* vcreatoraddcel.m */ = {isa = PBXFileReference; fileEncoding = 4; lastKnownFileType = sourcecode.c.objc; path = vcreatoraddcel.m; sourceTree = "<group>"; };
		DA01568D1C6A2B8B00FAC166 /* vcreatoraddceltext.h */ = {isa = PBXFileReference; fileEncoding = 4; lastKnownFileType = sourcecode.c.h; path = vcreatoraddceltext.h; sourceTree = "<group>"; };
		DA01568E1C6A2B8B00FAC166 /* vcreatoraddceltext.m */ = {isa = PBXFileReference; fileEncoding = 4; lastKnownFileType = sourcecode.c.objc; path = vcreatoraddceltext.m; sourceTree = "<group>"; };
		DA0156901C6A2B9500FAC166 /* vcreatoraddcelcolor.h */ = {isa = PBXFileReference; fileEncoding = 4; lastKnownFileType = sourcecode.c.h; path = vcreatoraddcelcolor.h; sourceTree = "<group>"; };
		DA0156911C6A2B9500FAC166 /* vcreatoraddcelcolor.m */ = {isa = PBXFileReference; fileEncoding = 4; lastKnownFileType = sourcecode.c.objc; path = vcreatoraddcelcolor.m; sourceTree = "<group>"; };
		DA0156931C6A2BA200FAC166 /* vcreatoraddcelimage.h */ = {isa = PBXFileReference; fileEncoding = 4; lastKnownFileType = sourcecode.c.h; path = vcreatoraddcelimage.h; sourceTree = "<group>"; };
		DA0156941C6A2BA200FAC166 /* vcreatoraddcelimage.m */ = {isa = PBXFileReference; fileEncoding = 4; lastKnownFileType = sourcecode.c.objc; path = vcreatoraddcelimage.m; sourceTree = "<group>"; };
		DA0156961C6A2BAD00FAC166 /* vcreatoraddcelnumber.h */ = {isa = PBXFileReference; fileEncoding = 4; lastKnownFileType = sourcecode.c.h; path = vcreatoraddcelnumber.h; sourceTree = "<group>"; };
		DA0156971C6A2BAD00FAC166 /* vcreatoraddcelnumber.m */ = {isa = PBXFileReference; fileEncoding = 4; lastKnownFileType = sourcecode.c.objc; path = vcreatoraddcelnumber.m; sourceTree = "<group>"; };
		DA0156991C6A2E3500FAC166 /* vcreatoraddfooter.h */ = {isa = PBXFileReference; fileEncoding = 4; lastKnownFileType = sourcecode.c.h; path = vcreatoraddfooter.h; sourceTree = "<group>"; };
		DA01569A1C6A2E3500FAC166 /* vcreatoraddfooter.m */ = {isa = PBXFileReference; fileEncoding = 4; lastKnownFileType = sourcecode.c.objc; path = vcreatoraddfooter.m; sourceTree = "<group>"; };
		DA01569C1C6A2FAB00FAC166 /* mcreatoraddtypeprotocol.h */ = {isa = PBXFileReference; fileEncoding = 4; lastKnownFileType = sourcecode.c.h; path = mcreatoraddtypeprotocol.h; sourceTree = "<group>"; };
		DA01569D1C6A300D00FAC166 /* mcreatoraddtypetext.h */ = {isa = PBXFileReference; fileEncoding = 4; lastKnownFileType = sourcecode.c.h; path = mcreatoraddtypetext.h; sourceTree = "<group>"; };
		DA01569E1C6A300D00FAC166 /* mcreatoraddtypetext.m */ = {isa = PBXFileReference; fileEncoding = 4; lastKnownFileType = sourcecode.c.objc; path = mcreatoraddtypetext.m; sourceTree = "<group>"; };
		DA0156A01C6A303A00FAC166 /* mcreatoraddtypecolor.h */ = {isa = PBXFileReference; fileEncoding = 4; lastKnownFileType = sourcecode.c.h; path = mcreatoraddtypecolor.h; sourceTree = "<group>"; };
		DA0156A11C6A303A00FAC166 /* mcreatoraddtypecolor.m */ = {isa = PBXFileReference; fileEncoding = 4; lastKnownFileType = sourcecode.c.objc; path = mcreatoraddtypecolor.m; sourceTree = "<group>"; };
		DA0156A31C6A308D00FAC166 /* mcreatoraddtypeimage.h */ = {isa = PBXFileReference; fileEncoding = 4; lastKnownFileType = sourcecode.c.h; path = mcreatoraddtypeimage.h; sourceTree = "<group>"; };
		DA0156A41C6A308D00FAC166 /* mcreatoraddtypeimage.m */ = {isa = PBXFileReference; fileEncoding = 4; lastKnownFileType = sourcecode.c.objc; path = mcreatoraddtypeimage.m; sourceTree = "<group>"; };
		DA0156A61C6A309F00FAC166 /* mcreatoraddtypenumber.h */ = {isa = PBXFileReference; fileEncoding = 4; lastKnownFileType = sourcecode.c.h; path = mcreatoraddtypenumber.h; sourceTree = "<group>"; };
		DA0156A71C6A309F00FAC166 /* mcreatoraddtypenumber.m */ = {isa = PBXFileReference; fileEncoding = 4; lastKnownFileType = sourcecode.c.objc; path = mcreatoraddtypenumber.m; sourceTree = "<group>"; };
		DA020D641C691B9F000BF8A4 /* TuringCop.app */ = {isa = PBXFileReference; explicitFileType = wrapper.application; includeInIndex = 0; path = TuringCop.app; sourceTree = BUILT_PRODUCTS_DIR; };
		DA84486B1C6926E7007B634F /* crate.h */ = {isa = PBXFileReference; fileEncoding = 4; lastKnownFileType = sourcecode.c.h; path = crate.h; sourceTree = "<group>"; };
		DA84486C1C6926E7007B634F /* crate.m */ = {isa = PBXFileReference; fileEncoding = 4; lastKnownFileType = sourcecode.c.objc; path = crate.m; sourceTree = "<group>"; };
		DA84486E1C692C58007B634F /* Images.xcassets */ = {isa = PBXFileReference; lastKnownFileType = folder.assetcatalog; path = Images.xcassets; sourceTree = "<group>"; };
		DA8448701C692CBB007B634F /* in */ = {isa = PBXFileReference; lastKnownFileType = folder; path = in; sourceTree = "<group>"; };
		DA8448731C693547007B634F /* cturing.h */ = {isa = PBXFileReference; fileEncoding = 4; lastKnownFileType = sourcecode.c.h; path = cturing.h; sourceTree = "<group>"; };
		DA8448741C693547007B634F /* cturing.m */ = {isa = PBXFileReference; fileEncoding = 4; lastKnownFileType = sourcecode.c.objc; path = cturing.m; sourceTree = "<group>"; };
		DA8448771C6937DF007B634F /* cstatus.h */ = {isa = PBXFileReference; fileEncoding = 4; lastKnownFileType = sourcecode.c.h; path = cstatus.h; sourceTree = "<group>"; };
		DA8448781C6937DF007B634F /* cstatus.m */ = {isa = PBXFileReference; fileEncoding = 4; lastKnownFileType = sourcecode.c.objc; path = cstatus.m; sourceTree = "<group>"; };
		DA84487B1C6938F1007B634F /* vstatus.h */ = {isa = PBXFileReference; fileEncoding = 4; lastKnownFileType = sourcecode.c.h; path = vstatus.h; sourceTree = "<group>"; };
		DA84487C1C6938F1007B634F /* vstatus.m */ = {isa = PBXFileReference; fileEncoding = 4; lastKnownFileType = sourcecode.c.objc; path = vstatus.m; sourceTree = "<group>"; };
		DA84487E1C693B3D007B634F /* vstatusbar.h */ = {isa = PBXFileReference; fileEncoding = 4; lastKnownFileType = sourcecode.c.h; path = vstatusbar.h; sourceTree = "<group>"; };
		DA84487F1C693B3D007B634F /* vstatusbar.m */ = {isa = PBXFileReference; fileEncoding = 4; lastKnownFileType = sourcecode.c.objc; path = vstatusbar.m; sourceTree = "<group>"; };
		DA8448821C694717007B634F /* vturing.h */ = {isa = PBXFileReference; fileEncoding = 4; lastKnownFileType = sourcecode.c.h; path = vturing.h; sourceTree = "<group>"; };
		DA8448831C694717007B634F /* vturing.m */ = {isa = PBXFileReference; fileEncoding = 4; lastKnownFileType = sourcecode.c.objc; path = vturing.m; sourceTree = "<group>"; };
		DA8448851C6949BF007B634F /* vturingbar.h */ = {isa = PBXFileReference; fileEncoding = 4; lastKnownFileType = sourcecode.c.h; path = vturingbar.h; sourceTree = "<group>"; };
		DA8448861C6949BF007B634F /* vturingbar.m */ = {isa = PBXFileReference; fileEncoding = 4; lastKnownFileType = sourcecode.c.objc; path = vturingbar.m; sourceTree = "<group>"; };
		DA8448881C6949D2007B634F /* vturingheader.h */ = {isa = PBXFileReference; fileEncoding = 4; lastKnownFileType = sourcecode.c.h; path = vturingheader.h; sourceTree = "<group>"; };
		DA8448891C6949D2007B634F /* vturingheader.m */ = {isa = PBXFileReference; fileEncoding = 4; lastKnownFileType = sourcecode.c.objc; path = vturingheader.m; sourceTree = "<group>"; };
		DA84488B1C6949DC007B634F /* vturingcel.h */ = {isa = PBXFileReference; fileEncoding = 4; lastKnownFileType = sourcecode.c.h; path = vturingcel.h; sourceTree = "<group>"; };
		DA84488C1C6949DC007B634F /* vturingcel.m */ = {isa = PBXFileReference; fileEncoding = 4; lastKnownFileType = sourcecode.c.objc; path = vturingcel.m; sourceTree = "<group>"; };
		DA84488F1C6950DF007B634F /* en */ = {isa = PBXFileReference; lastKnownFileType = text.plist.strings; name = en; path = en.lproj/Localizable.strings; sourceTree = "<group>"; };
		DA8448921C69525A007B634F /* ccreator.h */ = {isa = PBXFileReference; fileEncoding = 4; lastKnownFileType = sourcecode.c.h; path = ccreator.h; sourceTree = "<group>"; };
		DA8448931C69525A007B634F /* ccreator.m */ = {isa = PBXFileReference; fileEncoding = 4; lastKnownFileType = sourcecode.c.objc; path = ccreator.m; sourceTree = "<group>"; };
		DA8448961C6952D0007B634F /* vcreator.h */ = {isa = PBXFileReference; fileEncoding = 4; lastKnownFileType = sourcecode.c.h; path = vcreator.h; sourceTree = "<group>"; };
		DA8448971C6952D0007B634F /* vcreator.m */ = {isa = PBXFileReference; fileEncoding = 4; lastKnownFileType = sourcecode.c.objc; path = vcreator.m; sourceTree = "<group>"; };
		DA8448991C695398007B634F /* vcreatorheader.h */ = {isa = PBXFileReference; fileEncoding = 4; lastKnownFileType = sourcecode.c.h; path = vcreatorheader.h; sourceTree = "<group>"; };
		DA84489A1C695398007B634F /* vcreatorheader.m */ = {isa = PBXFileReference; fileEncoding = 4; lastKnownFileType = sourcecode.c.objc; path = vcreatorheader.m; sourceTree = "<group>"; };
		DA84489C1C6953A3007B634F /* vcreatorcel.h */ = {isa = PBXFileReference; fileEncoding = 4; lastKnownFileType = sourcecode.c.h; path = vcreatorcel.h; sourceTree = "<group>"; };
		DA84489D1C6953A3007B634F /* vcreatorcel.m */ = {isa = PBXFileReference; fileEncoding = 4; lastKnownFileType = sourcecode.c.objc; path = vcreatorcel.m; sourceTree = "<group>"; };
		DA84489F1C695C7B007B634F /* vcreatorheadercel.h */ = {isa = PBXFileReference; fileEncoding = 4; lastKnownFileType = sourcecode.c.h; path = vcreatorheadercel.h; sourceTree = "<group>"; };
		DA8448A01C695C7B007B634F /* vcreatorheadercel.m */ = {isa = PBXFileReference; fileEncoding = 4; lastKnownFileType = sourcecode.c.objc; path = vcreatorheadercel.m; sourceTree = "<group>"; };
		DA8448A31C695CF0007B634F /* mcreatorheader.h */ = {isa = PBXFileReference; fileEncoding = 4; lastKnownFileType = sourcecode.c.h; path = mcreatorheader.h; sourceTree = "<group>"; };
		DA8448A41C695CF0007B634F /* mcreatorheader.m */ = {isa = PBXFileReference; fileEncoding = 4; lastKnownFileType = sourcecode.c.objc; path = mcreatorheader.m; sourceTree = "<group>"; };
		DA8448A61C695CFC007B634F /* mcreatorheaderprotocol.h */ = {isa = PBXFileReference; fileEncoding = 4; lastKnownFileType = sourcecode.c.h; path = mcreatorheaderprotocol.h; sourceTree = "<group>"; };
		DA8448A71C695D0D007B634F /* mcreatorheaderadd.h */ = {isa = PBXFileReference; fileEncoding = 4; lastKnownFileType = sourcecode.c.h; path = mcreatorheaderadd.h; sourceTree = "<group>"; };
		DA8448A81C695D0D007B634F /* mcreatorheaderadd.m */ = {isa = PBXFileReference; fileEncoding = 4; lastKnownFileType = sourcecode.c.objc; path = mcreatorheaderadd.m; sourceTree = "<group>"; };
		DA8448AA1C695D1A007B634F /* mcreatorheaderexport.h */ = {isa = PBXFileReference; fileEncoding = 4; lastKnownFileType = sourcecode.c.h; path = mcreatorheaderexport.h; sourceTree = "<group>"; };
		DA8448AB1C695D1A007B634F /* mcreatorheaderexport.m */ = {isa = PBXFileReference; fileEncoding = 4; lastKnownFileType = sourcecode.c.objc; path = mcreatorheaderexport.m; sourceTree = "<group>"; };
		DA8448AD1C695D34007B634F /* mcreatorheaderclose.h */ = {isa = PBXFileReference; fileEncoding = 4; lastKnownFileType = sourcecode.c.h; path = mcreatorheaderclose.h; sourceTree = "<group>"; };
		DA8448AE1C695D34007B634F /* mcreatorheaderclose.m */ = {isa = PBXFileReference; fileEncoding = 4; lastKnownFileType = sourcecode.c.objc; path = mcreatorheaderclose.m; sourceTree = "<group>"; };
		DA8448B01C69699A007B634F /* ccreatoradd.h */ = {isa = PBXFileReference; fileEncoding = 4; lastKnownFileType = sourcecode.c.h; path = ccreatoradd.h; sourceTree = "<group>"; };
		DA8448B11C69699A007B634F /* ccreatoradd.m */ = {isa = PBXFileReference; fileEncoding = 4; lastKnownFileType = sourcecode.c.objc; path = ccreatoradd.m; sourceTree = "<group>"; };
		DA8448B31C696F8B007B634F /* mcreatoradd.h */ = {isa = PBXFileReference; fileEncoding = 4; lastKnownFileType = sourcecode.c.h; path = mcreatoradd.h; sourceTree = "<group>"; };
		DA8448B41C696F8B007B634F /* mcreatoradd.m */ = {isa = PBXFileReference; fileEncoding = 4; lastKnownFileType = sourcecode.c.objc; path = mcreatoradd.m; sourceTree = "<group>"; };
		DA8448B61C696FDA007B634F /* mcreatoraddtitle.h */ = {isa = PBXFileReference; fileEncoding = 4; lastKnownFileType = sourcecode.c.h; path = mcreatoraddtitle.h; sourceTree = "<group>"; };
		DA8448B71C696FDA007B634F /* mcreatoraddtitle.m */ = {isa = PBXFileReference; fileEncoding = 4; lastKnownFileType = sourcecode.c.objc; path = mcreatoraddtitle.m; sourceTree = "<group>"; };
		DA8448B91C696FE6007B634F /* mcreatoradditem.h */ = {isa = PBXFileReference; fileEncoding = 4; lastKnownFileType = sourcecode.c.h; path = mcreatoradditem.h; sourceTree = "<group>"; };
		DA8448BA1C696FE6007B634F /* mcreatoradditem.m */ = {isa = PBXFileReference; fileEncoding = 4; lastKnownFileType = sourcecode.c.objc; path = mcreatoradditem.m; sourceTree = "<group>"; };
		DA97E3AF1C6920D90084FFDF /* turingcop.db */ = {isa = PBXFileReference; fileEncoding = 4; lastKnownFileType = text; path = turingcop.db; sourceTree = "<group>"; };
		DA97E3B41C6920D90084FFDF /* analytics.plist */ = {isa = PBXFileReference; fileEncoding = 4; lastKnownFileType = text.plist.xml; path = analytics.plist; sourceTree = "<group>"; };
		DA97E3B51C6920D90084FFDF /* defs.plist */ = {isa = PBXFileReference; fileEncoding = 4; lastKnownFileType = text.plist.xml; path = defs.plist; sourceTree = "<group>"; };
		DA97E3BB1C6920D90084FFDF /* appdel.h */ = {isa = PBXFileReference; fileEncoding = 4; lastKnownFileType = sourcecode.c.h; path = appdel.h; sourceTree = "<group>"; };
		DA97E3BC1C6920D90084FFDF /* appdel.m */ = {isa = PBXFileReference; fileEncoding = 4; lastKnownFileType = sourcecode.c.objc; path = appdel.m; sourceTree = "<group>"; };
		DA97E3BD1C6920D90084FFDF /* Info.plist */ = {isa = PBXFileReference; fileEncoding = 4; lastKnownFileType = text.plist.xml; path = Info.plist; sourceTree = "<group>"; };
		DA97E3BE1C6920D90084FFDF /* main.m */ = {isa = PBXFileReference; fileEncoding = 4; lastKnownFileType = sourcecode.c.objc; path = main.m; sourceTree = "<group>"; };
		DA97E3C01C6920D90084FFDF /* analytics.h */ = {isa = PBXFileReference; fileEncoding = 4; lastKnownFileType = sourcecode.c.h; path = analytics.h; sourceTree = "<group>"; };
		DA97E3C11C6920D90084FFDF /* analytics.m */ = {isa = PBXFileReference; fileEncoding = 4; lastKnownFileType = sourcecode.c.objc; path = analytics.m; sourceTree = "<group>"; };
		DA97E3C21C6920D90084FFDF /* constants.h */ = {isa = PBXFileReference; fileEncoding = 4; lastKnownFileType = sourcecode.c.h; path = constants.h; sourceTree = "<group>"; };
		DA97E3C31C6920D90084FFDF /* generic.h */ = {isa = PBXFileReference; fileEncoding = 4; lastKnownFileType = sourcecode.c.h; path = generic.h; sourceTree = "<group>"; };
		DA97E3C41C6920D90084FFDF /* tools.h */ = {isa = PBXFileReference; fileEncoding = 4; lastKnownFileType = sourcecode.c.h; path = tools.h; sourceTree = "<group>"; };
		DA97E3C51C6920D90084FFDF /* tools.m */ = {isa = PBXFileReference; fileEncoding = 4; lastKnownFileType = sourcecode.c.objc; path = tools.m; sourceTree = "<group>"; };
		DA97E3C61C6920D90084FFDF /* updater.h */ = {isa = PBXFileReference; fileEncoding = 4; lastKnownFileType = sourcecode.c.h; path = updater.h; sourceTree = "<group>"; };
		DA97E3C71C6920D90084FFDF /* updater.m */ = {isa = PBXFileReference; fileEncoding = 4; lastKnownFileType = sourcecode.c.objc; path = updater.m; sourceTree = "<group>"; };
		DA97E3CA1C6920D90084FFDF /* db.h */ = {isa = PBXFileReference; fileEncoding = 4; lastKnownFileType = sourcecode.c.h; path = db.h; sourceTree = "<group>"; };
		DA97E3CC1C6920D90084FFDF /* timerbg.h */ = {isa = PBXFileReference; fileEncoding = 4; lastKnownFileType = sourcecode.c.h; path = timerbg.h; sourceTree = "<group>"; };
		DA97E3CD1C6920D90084FFDF /* libdb.a */ = {isa = PBXFileReference; lastKnownFileType = archive.ar; path = libdb.a; sourceTree = "<group>"; };
		DA97E3CE1C6920D90084FFDF /* libtimerbg.a */ = {isa = PBXFileReference; lastKnownFileType = archive.ar; path = libtimerbg.a; sourceTree = "<group>"; };
		DA97E3D41C6920D90084FFDF /* c.h */ = {isa = PBXFileReference; fileEncoding = 4; lastKnownFileType = sourcecode.c.h; path = c.h; sourceTree = "<group>"; };
		DA97E3D61C6920D90084FFDF /* cmain.h */ = {isa = PBXFileReference; fileEncoding = 4; lastKnownFileType = sourcecode.c.h; path = cmain.h; sourceTree = "<group>"; };
		DA97E3D71C6920D90084FFDF /* cmain.m */ = {isa = PBXFileReference; fileEncoding = 4; lastKnownFileType = sourcecode.c.objc; path = cmain.m; sourceTree = "<group>"; };
		DA97E3D91C6920D90084FFDF /* cpages.h */ = {isa = PBXFileReference; fileEncoding = 4; lastKnownFileType = sourcecode.c.h; path = cpages.h; sourceTree = "<group>"; };
		DA97E3DA1C6920D90084FFDF /* cpages.m */ = {isa = PBXFileReference; fileEncoding = 4; lastKnownFileType = sourcecode.c.objc; path = cpages.m; sourceTree = "<group>"; };
		DA97E3DD1C6920D90084FFDF /* mdb.h */ = {isa = PBXFileReference; fileEncoding = 4; lastKnownFileType = sourcecode.c.h; path = mdb.h; sourceTree = "<group>"; };
		DA97E3DE1C6920D90084FFDF /* mdb.m */ = {isa = PBXFileReference; fileEncoding = 4; lastKnownFileType = sourcecode.c.objc; path = mdb.m; sourceTree = "<group>"; };
		DA97E3DF1C6920D90084FFDF /* mdbcreate.h */ = {isa = PBXFileReference; fileEncoding = 4; lastKnownFileType = sourcecode.c.h; path = mdbcreate.h; sourceTree = "<group>"; };
		DA97E3E01C6920D90084FFDF /* mdbcreate.m */ = {isa = PBXFileReference; fileEncoding = 4; lastKnownFileType = sourcecode.c.objc; path = mdbcreate.m; sourceTree = "<group>"; };
		DA97E3E21C6920D90084FFDF /* mdirs.h */ = {isa = PBXFileReference; fileEncoding = 4; lastKnownFileType = sourcecode.c.h; path = mdirs.h; sourceTree = "<group>"; };
		DA97E3E31C6920D90084FFDF /* mdirs.m */ = {isa = PBXFileReference; fileEncoding = 4; lastKnownFileType = sourcecode.c.objc; path = mdirs.m; sourceTree = "<group>"; };
		DA97E3E51C6920D90084FFDF /* mgeneral.h */ = {isa = PBXFileReference; fileEncoding = 4; lastKnownFileType = sourcecode.c.h; path = mgeneral.h; sourceTree = "<group>"; };
		DA97E3E61C6920D90084FFDF /* m.h */ = {isa = PBXFileReference; fileEncoding = 4; lastKnownFileType = sourcecode.c.h; path = m.h; sourceTree = "<group>"; };
		DA97E3E91C6920D90084FFDF /* valert.h */ = {isa = PBXFileReference; fileEncoding = 4; lastKnownFileType = sourcecode.c.h; path = valert.h; sourceTree = "<group>"; };
		DA97E3EA1C6920D90084FFDF /* valert.m */ = {isa = PBXFileReference; fileEncoding = 4; lastKnownFileType = sourcecode.c.objc; path = valert.m; sourceTree = "<group>"; };
		DA97E3EC1C6920D90084FFDF /* vblur.h */ = {isa = PBXFileReference; fileEncoding = 4; lastKnownFileType = sourcecode.c.h; path = vblur.h; sourceTree = "<group>"; };
		DA97E3ED1C6920D90084FFDF /* vblur.m */ = {isa = PBXFileReference; fileEncoding = 4; lastKnownFileType = sourcecode.c.objc; path = vblur.m; sourceTree = "<group>"; };
		DA97E3EE1C6920D90084FFDF /* viewbase.h */ = {isa = PBXFileReference; fileEncoding = 4; lastKnownFileType = sourcecode.c.h; path = viewbase.h; sourceTree = "<group>"; };
		DA97E3EF1C6920D90084FFDF /* viewbase.m */ = {isa = PBXFileReference; fileEncoding = 4; lastKnownFileType = sourcecode.c.objc; path = viewbase.m; sourceTree = "<group>"; };
		DA97E3F01C6920D90084FFDF /* vspinner.h */ = {isa = PBXFileReference; fileEncoding = 4; lastKnownFileType = sourcecode.c.h; path = vspinner.h; sourceTree = "<group>"; };
		DA97E3F11C6920D90084FFDF /* vspinner.m */ = {isa = PBXFileReference; fileEncoding = 4; lastKnownFileType = sourcecode.c.objc; path = vspinner.m; sourceTree = "<group>"; };
		DA97E3F31C6920D90084FFDF /* vrate.h */ = {isa = PBXFileReference; fileEncoding = 4; lastKnownFileType = sourcecode.c.h; path = vrate.h; sourceTree = "<group>"; };
		DA97E3F41C6920D90084FFDF /* vrate.m */ = {isa = PBXFileReference; fileEncoding = 4; lastKnownFileType = sourcecode.c.objc; path = vrate.m; sourceTree = "<group>"; };
		DA97E3F51C6920D90084FFDF /* vratemenu.h */ = {isa = PBXFileReference; fileEncoding = 4; lastKnownFileType = sourcecode.c.h; path = vratemenu.h; sourceTree = "<group>"; };
		DA97E3F61C6920D90084FFDF /* vratemenu.m */ = {isa = PBXFileReference; fileEncoding = 4; lastKnownFileType = sourcecode.c.objc; path = vratemenu.m; sourceTree = "<group>"; };
		DA97E3F71C6920D90084FFDF /* vratemenucel.h */ = {isa = PBXFileReference; fileEncoding = 4; lastKnownFileType = sourcecode.c.h; path = vratemenucel.h; sourceTree = "<group>"; };
		DA97E3F81C6920D90084FFDF /* vratemenucel.m */ = {isa = PBXFileReference; fileEncoding = 4; lastKnownFileType = sourcecode.c.objc; path = vratemenucel.m; sourceTree = "<group>"; };
		DA97E3F91C6920D90084FFDF /* v.h */ = {isa = PBXFileReference; fileEncoding = 4; lastKnownFileType = sourcecode.c.h; path = v.h; sourceTree = "<group>"; };
		DA97E4131C6922C60084FFDF /* private.h */ = {isa = PBXFileReference; fileEncoding = 4; lastKnownFileType = sourcecode.c.h; path = private.h; sourceTree = "<group>"; };
		DA97E4141C6922C60084FFDF /* privateconstants.h */ = {isa = PBXFileReference; fileEncoding = 4; lastKnownFileType = sourcecode.c.h; path = privateconstants.h; sourceTree = "<group>"; };
		E79309400496C5F107A745D3 /* Pods-TuringCop.debug.xcconfig */ = {isa = PBXFileReference; includeInIndex = 1; lastKnownFileType = text.xcconfig; name = "Pods-TuringCop.debug.xcconfig"; path = "Pods/Target Support Files/Pods-TuringCop/Pods-TuringCop.debug.xcconfig"; sourceTree = "<group>"; };
/* End PBXFileReference section */

/* Begin PBXFrameworksBuildPhase section */
		DA020D611C691B9F000BF8A4 /* Frameworks */ = {
			isa = PBXFrameworksBuildPhase;
			buildActionMask = 2147483647;
			files = (
				DA97E4051C6920D90084FFDF /* libtimerbg.a in Frameworks */,
				DA97E4041C6920D90084FFDF /* libdb.a in Frameworks */,
				5635B436196F1B2ED4B8D4CB /* libPods-TuringCop.a in Frameworks */,
			);
			runOnlyForDeploymentPostprocessing = 0;
		};
/* End PBXFrameworksBuildPhase section */

/* Begin PBXGroup section */
		1BDDA2FF0ABC300B58692F02 /* Frameworks */ = {
			isa = PBXGroup;
			children = (
				6E4550A087E56041E29E0AC9 /* libPods-TuringCop.a */,
			);
			name = Frameworks;
			sourceTree = "<group>";
		};
		41FA4A905595E060F0C77DB2 /* Pods */ = {
			isa = PBXGroup;
			children = (
				E79309400496C5F107A745D3 /* Pods-TuringCop.debug.xcconfig */,
				6A1C7E1967ABA1D73AAC0B0B /* Pods-TuringCop.release.xcconfig */,
			);
			name = Pods;
			sourceTree = "<group>";
		};
		DA020D5B1C691B9F000BF8A4 = {
			isa = PBXGroup;
			children = (
				DA020D661C691B9F000BF8A4 /* TuringCop */,
				DA020D651C691B9F000BF8A4 /* Products */,
				41FA4A905595E060F0C77DB2 /* Pods */,
				1BDDA2FF0ABC300B58692F02 /* Frameworks */,
			);
			sourceTree = "<group>";
		};
		DA020D651C691B9F000BF8A4 /* Products */ = {
			isa = PBXGroup;
			children = (
				DA020D641C691B9F000BF8A4 /* TuringCop.app */,
			);
			name = Products;
			sourceTree = "<group>";
		};
		DA020D661C691B9F000BF8A4 /* TuringCop */ = {
			isa = PBXGroup;
			children = (
				DA97E3AE1C6920D90084FFDF /* db */,
				DA97E3B01C6920D90084FFDF /* imateq */,
				DA97E3B31C6920D90084FFDF /* langteq */,
				DA97E3B91C6920D90084FFDF /* sourceteq */,
				DA84486E1C692C58007B634F /* Images.xcassets */,
			);
			path = TuringCop;
			sourceTree = "<group>";
		};
		DA8448721C693538007B634F /* turing */ = {
			isa = PBXGroup;
			children = (
				DA8448731C693547007B634F /* cturing.h */,
				DA8448741C693547007B634F /* cturing.m */,
			);
			path = turing;
			sourceTree = "<group>";
		};
		DA8448761C6937D3007B634F /* status */ = {
			isa = PBXGroup;
			children = (
				DA8448771C6937DF007B634F /* cstatus.h */,
				DA8448781C6937DF007B634F /* cstatus.m */,
			);
			path = status;
			sourceTree = "<group>";
		};
		DA84487A1C6938E6007B634F /* status */ = {
			isa = PBXGroup;
			children = (
				DA84487B1C6938F1007B634F /* vstatus.h */,
				DA84487C1C6938F1007B634F /* vstatus.m */,
				DA84487E1C693B3D007B634F /* vstatusbar.h */,
				DA84487F1C693B3D007B634F /* vstatusbar.m */,
			);
			path = status;
			sourceTree = "<group>";
		};
		DA8448811C69470D007B634F /* turing */ = {
			isa = PBXGroup;
			children = (
				DA8448821C694717007B634F /* vturing.h */,
				DA8448831C694717007B634F /* vturing.m */,
				DA8448851C6949BF007B634F /* vturingbar.h */,
				DA8448861C6949BF007B634F /* vturingbar.m */,
				DA8448881C6949D2007B634F /* vturingheader.h */,
				DA8448891C6949D2007B634F /* vturingheader.m */,
				DA84488B1C6949DC007B634F /* vturingcel.h */,
				DA84488C1C6949DC007B634F /* vturingcel.m */,
			);
			path = turing;
			sourceTree = "<group>";
		};
		DA8448911C69524C007B634F /* creator */ = {
			isa = PBXGroup;
			children = (
				DA8448921C69525A007B634F /* ccreator.h */,
				DA8448931C69525A007B634F /* ccreator.m */,
				DA8448B01C69699A007B634F /* ccreatoradd.h */,
				DA8448B11C69699A007B634F /* ccreatoradd.m */,
			);
			path = creator;
			sourceTree = "<group>";
		};
		DA8448951C6952C5007B634F /* creator */ = {
			isa = PBXGroup;
			children = (
				DA8448961C6952D0007B634F /* vcreator.h */,
				DA8448971C6952D0007B634F /* vcreator.m */,
				DA8448991C695398007B634F /* vcreatorheader.h */,
				DA84489A1C695398007B634F /* vcreatorheader.m */,
				DA84489F1C695C7B007B634F /* vcreatorheadercel.h */,
				DA8448A01C695C7B007B634F /* vcreatorheadercel.m */,
				DA84489C1C6953A3007B634F /* vcreatorcel.h */,
				DA84489D1C6953A3007B634F /* vcreatorcel.m */,
				DA0156841C6A27F800FAC166 /* vcreatoradd.h */,
				DA0156851C6A27F800FAC166 /* vcreatoradd.m */,
				DA0156871C6A2B5700FAC166 /* vcreatoraddheader.h */,
				DA0156881C6A2B5700FAC166 /* vcreatoraddheader.m */,
				DA0156991C6A2E3500FAC166 /* vcreatoraddfooter.h */,
				DA01569A1C6A2E3500FAC166 /* vcreatoraddfooter.m */,
				DA01568A1C6A2B6000FAC166 /* vcreatoraddcel.h */,
				DA01568B1C6A2B6000FAC166 /* vcreatoraddcel.m */,
				DA01568D1C6A2B8B00FAC166 /* vcreatoraddceltext.h */,
				DA01568E1C6A2B8B00FAC166 /* vcreatoraddceltext.m */,
				DA0156901C6A2B9500FAC166 /* vcreatoraddcelcolor.h */,
				DA0156911C6A2B9500FAC166 /* vcreatoraddcelcolor.m */,
				DA0156931C6A2BA200FAC166 /* vcreatoraddcelimage.h */,
				DA0156941C6A2BA200FAC166 /* vcreatoraddcelimage.m */,
				DA0156961C6A2BAD00FAC166 /* vcreatoraddcelnumber.h */,
				DA0156971C6A2BAD00FAC166 /* vcreatoraddcelnumber.m */,
			);
			path = creator;
			sourceTree = "<group>";
		};
		DA8448A21C695CDF007B634F /* creator */ = {
			isa = PBXGroup;
			children = (
				DA8448A31C695CF0007B634F /* mcreatorheader.h */,
				DA8448A41C695CF0007B634F /* mcreatorheader.m */,
				DA8448A61C695CFC007B634F /* mcreatorheaderprotocol.h */,
				DA8448A71C695D0D007B634F /* mcreatorheaderadd.h */,
				DA8448A81C695D0D007B634F /* mcreatorheaderadd.m */,
				DA8448AA1C695D1A007B634F /* mcreatorheaderexport.h */,
				DA8448AB1C695D1A007B634F /* mcreatorheaderexport.m */,
				DA8448AD1C695D34007B634F /* mcreatorheaderclose.h */,
				DA8448AE1C695D34007B634F /* mcreatorheaderclose.m */,
				DA8448B31C696F8B007B634F /* mcreatoradd.h */,
				DA8448B41C696F8B007B634F /* mcreatoradd.m */,
				DA01569C1C6A2FAB00FAC166 /* mcreatoraddtypeprotocol.h */,
				DA01569D1C6A300D00FAC166 /* mcreatoraddtypetext.h */,
				DA01569E1C6A300D00FAC166 /* mcreatoraddtypetext.m */,
				DA0156A01C6A303A00FAC166 /* mcreatoraddtypecolor.h */,
				DA0156A11C6A303A00FAC166 /* mcreatoraddtypecolor.m */,
				DA0156A31C6A308D00FAC166 /* mcreatoraddtypeimage.h */,
				DA0156A41C6A308D00FAC166 /* mcreatoraddtypeimage.m */,
				DA0156A61C6A309F00FAC166 /* mcreatoraddtypenumber.h */,
				DA0156A71C6A309F00FAC166 /* mcreatoraddtypenumber.m */,
				DA8448B61C696FDA007B634F /* mcreatoraddtitle.h */,
				DA8448B71C696FDA007B634F /* mcreatoraddtitle.m */,
				DA8448B91C696FE6007B634F /* mcreatoradditem.h */,
				DA8448BA1C696FE6007B634F /* mcreatoradditem.m */,
				DA0156781C6A26C400FAC166 /* mcreatoradditemtext.h */,
				DA0156791C6A26C400FAC166 /* mcreatoradditemtext.m */,
				DA01567B1C6A26CE00FAC166 /* mcreatoradditemcolor.h */,
				DA01567C1C6A26CE00FAC166 /* mcreatoradditemcolor.m */,
				DA01567E1C6A26D700FAC166 /* mcreatoradditemimage.h */,
				DA01567F1C6A26D700FAC166 /* mcreatoradditemimage.m */,
				DA0156811C6A26E200FAC166 /* mcreatoradditemnumber.h */,
				DA0156821C6A26E200FAC166 /* mcreatoradditemnumber.m */,
			);
			path = creator;
			sourceTree = "<group>";
		};
		DA97E3AE1C6920D90084FFDF /* db */ = {
			isa = PBXGroup;
			children = (
				DA97E3AF1C6920D90084FFDF /* turingcop.db */,
			);
			path = db;
			sourceTree = "<group>";
		};
		DA97E3B01C6920D90084FFDF /* imateq */ = {
			isa = PBXGroup;
			children = (
				DA8448701C692CBB007B634F /* in */,
				DA97E3B21C6920D90084FFDF /* ui */,
			);
			path = imateq;
			sourceTree = "<group>";
		};
		DA97E3B21C6920D90084FFDF /* ui */ = {
			isa = PBXGroup;
			children = (
			);
			path = ui;
			sourceTree = "<group>";
		};
		DA97E3B31C6920D90084FFDF /* langteq */ = {
			isa = PBXGroup;
			children = (
				DA84488E1C6950DF007B634F /* Localizable.strings */,
				DA97E3B41C6920D90084FFDF /* analytics.plist */,
				DA97E3B51C6920D90084FFDF /* defs.plist */,
			);
			path = langteq;
			sourceTree = "<group>";
		};
		DA97E3B91C6920D90084FFDF /* sourceteq */ = {
			isa = PBXGroup;
			children = (
				DA97E4121C6922C60084FFDF /* private */,
				DA97E3BA1C6920D90084FFDF /* core */,
				DA97E3BF1C6920D90084FFDF /* generic */,
				DA97E3C81C6920D90084FFDF /* lib */,
				DA97E3CD1C6920D90084FFDF /* libdb.a */,
				DA97E3CE1C6920D90084FFDF /* libtimerbg.a */,
				DA97E3D21C6920D90084FFDF /* source */,
			);
			path = sourceteq;
			sourceTree = "<group>";
		};
		DA97E3BA1C6920D90084FFDF /* core */ = {
			isa = PBXGroup;
			children = (
				DA97E3BB1C6920D90084FFDF /* appdel.h */,
				DA97E3BC1C6920D90084FFDF /* appdel.m */,
				DA97E3BD1C6920D90084FFDF /* Info.plist */,
				DA97E3BE1C6920D90084FFDF /* main.m */,
			);
			path = core;
			sourceTree = "<group>";
		};
		DA97E3BF1C6920D90084FFDF /* generic */ = {
			isa = PBXGroup;
			children = (
				DA97E3C01C6920D90084FFDF /* analytics.h */,
				DA97E3C11C6920D90084FFDF /* analytics.m */,
				DA97E3C21C6920D90084FFDF /* constants.h */,
				DA97E3C31C6920D90084FFDF /* generic.h */,
				DA97E3C41C6920D90084FFDF /* tools.h */,
				DA97E3C51C6920D90084FFDF /* tools.m */,
				DA97E3C61C6920D90084FFDF /* updater.h */,
				DA97E3C71C6920D90084FFDF /* updater.m */,
			);
			path = generic;
			sourceTree = "<group>";
		};
		DA97E3C81C6920D90084FFDF /* lib */ = {
			isa = PBXGroup;
			children = (
				DA97E3C91C6920D90084FFDF /* db */,
				DA97E3CB1C6920D90084FFDF /* timerbg */,
			);
			path = lib;
			sourceTree = "<group>";
		};
		DA97E3C91C6920D90084FFDF /* db */ = {
			isa = PBXGroup;
			children = (
				DA97E3CA1C6920D90084FFDF /* db.h */,
			);
			path = db;
			sourceTree = "<group>";
		};
		DA97E3CB1C6920D90084FFDF /* timerbg */ = {
			isa = PBXGroup;
			children = (
				DA97E3CC1C6920D90084FFDF /* timerbg.h */,
			);
			path = timerbg;
			sourceTree = "<group>";
		};
		DA97E3D21C6920D90084FFDF /* source */ = {
			isa = PBXGroup;
			children = (
				DA97E3D31C6920D90084FFDF /* c */,
				DA97E3DB1C6920D90084FFDF /* m */,
				DA97E3E71C6920D90084FFDF /* v */,
			);
			path = source;
			sourceTree = "<group>";
		};
		DA97E3D31C6920D90084FFDF /* c */ = {
			isa = PBXGroup;
			children = (
				DA97E3D41C6920D90084FFDF /* c.h */,
				DA8448721C693538007B634F /* turing */,
				DA8448911C69524C007B634F /* creator */,
				DA8448761C6937D3007B634F /* status */,
				DA97E3D51C6920D90084FFDF /* main */,
				DA97E3D81C6920D90084FFDF /* pages */,
			);
			path = c;
			sourceTree = "<group>";
		};
		DA97E3D51C6920D90084FFDF /* main */ = {
			isa = PBXGroup;
			children = (
				DA84486B1C6926E7007B634F /* crate.h */,
				DA84486C1C6926E7007B634F /* crate.m */,
				DA97E3D61C6920D90084FFDF /* cmain.h */,
				DA97E3D71C6920D90084FFDF /* cmain.m */,
			);
			path = main;
			sourceTree = "<group>";
		};
		DA97E3D81C6920D90084FFDF /* pages */ = {
			isa = PBXGroup;
			children = (
				DA97E3D91C6920D90084FFDF /* cpages.h */,
				DA97E3DA1C6920D90084FFDF /* cpages.m */,
			);
			path = pages;
			sourceTree = "<group>";
		};
		DA97E3DB1C6920D90084FFDF /* m */ = {
			isa = PBXGroup;
			children = (
				DA8448A21C695CDF007B634F /* creator */,
				DA97E3DC1C6920D90084FFDF /* db */,
				DA97E3E11C6920D90084FFDF /* dirs */,
				DA97E3E41C6920D90084FFDF /* general */,
				DA97E3E61C6920D90084FFDF /* m.h */,
			);
			path = m;
			sourceTree = "<group>";
		};
		DA97E3DC1C6920D90084FFDF /* db */ = {
			isa = PBXGroup;
			children = (
				DA97E3DD1C6920D90084FFDF /* mdb.h */,
				DA97E3DE1C6920D90084FFDF /* mdb.m */,
				DA97E3DF1C6920D90084FFDF /* mdbcreate.h */,
				DA97E3E01C6920D90084FFDF /* mdbcreate.m */,
			);
			path = db;
			sourceTree = "<group>";
		};
		DA97E3E11C6920D90084FFDF /* dirs */ = {
			isa = PBXGroup;
			children = (
				DA97E3E21C6920D90084FFDF /* mdirs.h */,
				DA97E3E31C6920D90084FFDF /* mdirs.m */,
			);
			path = dirs;
			sourceTree = "<group>";
		};
		DA97E3E41C6920D90084FFDF /* general */ = {
			isa = PBXGroup;
			children = (
				DA97E3E51C6920D90084FFDF /* mgeneral.h */,
			);
			path = general;
			sourceTree = "<group>";
		};
		DA97E3E71C6920D90084FFDF /* v */ = {
			isa = PBXGroup;
			children = (
				DA8448951C6952C5007B634F /* creator */,
				DA8448811C69470D007B634F /* turing */,
				DA84487A1C6938E6007B634F /* status */,
				DA97E3E81C6920D90084FFDF /* alert */,
				DA97E3EB1C6920D90084FFDF /* general */,
				DA97E3F21C6920D90084FFDF /* main */,
				DA97E3F91C6920D90084FFDF /* v.h */,
			);
			path = v;
			sourceTree = "<group>";
		};
		DA97E3E81C6920D90084FFDF /* alert */ = {
			isa = PBXGroup;
			children = (
				DA97E3E91C6920D90084FFDF /* valert.h */,
				DA97E3EA1C6920D90084FFDF /* valert.m */,
			);
			path = alert;
			sourceTree = "<group>";
		};
		DA97E3EB1C6920D90084FFDF /* general */ = {
			isa = PBXGroup;
			children = (
				DA97E3EC1C6920D90084FFDF /* vblur.h */,
				DA97E3ED1C6920D90084FFDF /* vblur.m */,
				DA97E3EE1C6920D90084FFDF /* viewbase.h */,
				DA97E3EF1C6920D90084FFDF /* viewbase.m */,
				DA97E3F01C6920D90084FFDF /* vspinner.h */,
				DA97E3F11C6920D90084FFDF /* vspinner.m */,
			);
			path = general;
			sourceTree = "<group>";
		};
		DA97E3F21C6920D90084FFDF /* main */ = {
			isa = PBXGroup;
			children = (
				DA97E3F31C6920D90084FFDF /* vrate.h */,
				DA97E3F41C6920D90084FFDF /* vrate.m */,
				DA97E3F51C6920D90084FFDF /* vratemenu.h */,
				DA97E3F61C6920D90084FFDF /* vratemenu.m */,
				DA97E3F71C6920D90084FFDF /* vratemenucel.h */,
				DA97E3F81C6920D90084FFDF /* vratemenucel.m */,
			);
			path = main;
			sourceTree = "<group>";
		};
		DA97E4121C6922C60084FFDF /* private */ = {
			isa = PBXGroup;
			children = (
				DA97E4131C6922C60084FFDF /* private.h */,
				DA97E4141C6922C60084FFDF /* privateconstants.h */,
			);
			path = private;
			sourceTree = "<group>";
		};
/* End PBXGroup section */

/* Begin PBXNativeTarget section */
		DA020D631C691B9F000BF8A4 /* TuringCop */ = {
			isa = PBXNativeTarget;
			buildConfigurationList = DA020D7B1C691BA0000BF8A4 /* Build configuration list for PBXNativeTarget "TuringCop" */;
			buildPhases = (
				57877F8A13D4C98257865E31 /* Check Pods Manifest.lock */,
				DA020D601C691B9F000BF8A4 /* Sources */,
				DA020D611C691B9F000BF8A4 /* Frameworks */,
				DA020D621C691B9F000BF8A4 /* Resources */,
				FB93700615BF84386FE3C5FE /* Embed Pods Frameworks */,
				7C071DB69283F3A934FA243F /* Copy Pods Resources */,
			);
			buildRules = (
			);
			dependencies = (
			);
			name = TuringCop;
			productName = TuringCop;
			productReference = DA020D641C691B9F000BF8A4 /* TuringCop.app */;
			productType = "com.apple.product-type.application";
		};
/* End PBXNativeTarget section */

/* Begin PBXProject section */
		DA020D5C1C691B9F000BF8A4 /* Project object */ = {
			isa = PBXProject;
			attributes = {
				LastUpgradeCheck = 0720;
				ORGANIZATIONNAME = Iturbide;
				TargetAttributes = {
					DA020D631C691B9F000BF8A4 = {
						CreatedOnToolsVersion = 7.2;
					};
				};
			};
			buildConfigurationList = DA020D5F1C691B9F000BF8A4 /* Build configuration list for PBXProject "TuringCop" */;
			compatibilityVersion = "Xcode 3.2";
			developmentRegion = English;
			hasScannedForEncodings = 0;
			knownRegions = (
				en,
				Base,
			);
			mainGroup = DA020D5B1C691B9F000BF8A4;
			productRefGroup = DA020D651C691B9F000BF8A4 /* Products */;
			projectDirPath = "";
			projectRoot = "";
			targets = (
				DA020D631C691B9F000BF8A4 /* TuringCop */,
			);
		};
/* End PBXProject section */

/* Begin PBXResourcesBuildPhase section */
		DA020D621C691B9F000BF8A4 /* Resources */ = {
			isa = PBXResourcesBuildPhase;
			buildActionMask = 2147483647;
			files = (
				DA97E3FA1C6920D90084FFDF /* turingcop.db in Resources */,
				DA8448901C6950DF007B634F /* Localizable.strings in Resources */,
				DA84486F1C692C58007B634F /* Images.xcassets in Resources */,
				DA97E3FC1C6920D90084FFDF /* defs.plist in Resources */,
				DA97E3FB1C6920D90084FFDF /* analytics.plist in Resources */,
				DA8448711C692CBB007B634F /* in in Resources */,
			);
			runOnlyForDeploymentPostprocessing = 0;
		};
/* End PBXResourcesBuildPhase section */

/* Begin PBXShellScriptBuildPhase section */
		57877F8A13D4C98257865E31 /* Check Pods Manifest.lock */ = {
			isa = PBXShellScriptBuildPhase;
			buildActionMask = 2147483647;
			files = (
			);
			inputPaths = (
			);
			name = "Check Pods Manifest.lock";
			outputPaths = (
			);
			runOnlyForDeploymentPostprocessing = 0;
			shellPath = /bin/sh;
			shellScript = "diff \"${PODS_ROOT}/../Podfile.lock\" \"${PODS_ROOT}/Manifest.lock\" > /dev/null\nif [[ $? != 0 ]] ; then\n    cat << EOM\nerror: The sandbox is not in sync with the Podfile.lock. Run 'pod install' or update your CocoaPods installation.\nEOM\n    exit 1\nfi\n";
			showEnvVarsInLog = 0;
		};
		7C071DB69283F3A934FA243F /* Copy Pods Resources */ = {
			isa = PBXShellScriptBuildPhase;
			buildActionMask = 2147483647;
			files = (
			);
			inputPaths = (
			);
			name = "Copy Pods Resources";
			outputPaths = (
			);
			runOnlyForDeploymentPostprocessing = 0;
			shellPath = /bin/sh;
			shellScript = "\"${SRCROOT}/Pods/Target Support Files/Pods-TuringCop/Pods-TuringCop-resources.sh\"\n";
			showEnvVarsInLog = 0;
		};
		FB93700615BF84386FE3C5FE /* Embed Pods Frameworks */ = {
			isa = PBXShellScriptBuildPhase;
			buildActionMask = 2147483647;
			files = (
			);
			inputPaths = (
			);
			name = "Embed Pods Frameworks";
			outputPaths = (
			);
			runOnlyForDeploymentPostprocessing = 0;
			shellPath = /bin/sh;
			shellScript = "\"${SRCROOT}/Pods/Target Support Files/Pods-TuringCop/Pods-TuringCop-frameworks.sh\"\n";
			showEnvVarsInLog = 0;
		};
/* End PBXShellScriptBuildPhase section */

/* Begin PBXSourcesBuildPhase section */
		DA020D601C691B9F000BF8A4 /* Sources */ = {
			isa = PBXSourcesBuildPhase;
			buildActionMask = 2147483647;
			files = (
				DA97E40F1C6920D90084FFDF /* vrate.m in Sources */,
				DA0156801C6A26D700FAC166 /* mcreatoradditemimage.m in Sources */,
				DA0156A51C6A308D00FAC166 /* mcreatoraddtypeimage.m in Sources */,
				DA0156921C6A2B9500FAC166 /* vcreatoraddcelcolor.m in Sources */,
				DA8448B81C696FDA007B634F /* mcreatoraddtitle.m in Sources */,
				DA97E4061C6920D90084FFDF /* cmain.m in Sources */,
				DA97E40A1C6920D90084FFDF /* mdirs.m in Sources */,
				DA01568F1C6A2B8B00FAC166 /* vcreatoraddceltext.m in Sources */,
				DA8448AF1C695D34007B634F /* mcreatorheaderclose.m in Sources */,
				DA84486D1C6926E7007B634F /* crate.m in Sources */,
				DA97E40B1C6920D90084FFDF /* valert.m in Sources */,
				DA8448BB1C696FE6007B634F /* mcreatoradditem.m in Sources */,
				DA97E40D1C6920D90084FFDF /* viewbase.m in Sources */,
				DA01568C1C6A2B6000FAC166 /* vcreatoraddcel.m in Sources */,
				DA8448B51C696F8B007B634F /* mcreatoradd.m in Sources */,
				DA8448801C693B3D007B634F /* vstatusbar.m in Sources */,
				DA97E4001C6920D90084FFDF /* main.m in Sources */,
				DA0156A81C6A309F00FAC166 /* mcreatoraddtypenumber.m in Sources */,
				DA8448A91C695D0D007B634F /* mcreatorheaderadd.m in Sources */,
				DA01569F1C6A300D00FAC166 /* mcreatoraddtypetext.m in Sources */,
				DA8448941C69525A007B634F /* ccreator.m in Sources */,
				DA8448791C6937DF007B634F /* cstatus.m in Sources */,
				DA8448B21C69699A007B634F /* ccreatoradd.m in Sources */,
				DA01567D1C6A26CE00FAC166 /* mcreatoradditemcolor.m in Sources */,
				DA97E4111C6920D90084FFDF /* vratemenucel.m in Sources */,
				DA0156861C6A27F800FAC166 /* vcreatoradd.m in Sources */,
				DA84487D1C6938F1007B634F /* vstatus.m in Sources */,
				DA01567A1C6A26C400FAC166 /* mcreatoradditemtext.m in Sources */,
				DA84489B1C695398007B634F /* vcreatorheader.m in Sources */,
				DA8448A11C695C7B007B634F /* vcreatorheadercel.m in Sources */,
				DA8448AC1C695D1A007B634F /* mcreatorheaderexport.m in Sources */,
				DA97E4071C6920D90084FFDF /* cpages.m in Sources */,
				DA0156891C6A2B5700FAC166 /* vcreatoraddheader.m in Sources */,
				DA97E4081C6920D90084FFDF /* mdb.m in Sources */,
				DA0156831C6A26E200FAC166 /* mcreatoradditemnumber.m in Sources */,
				DA8448841C694717007B634F /* vturing.m in Sources */,
				DA8448A51C695CF0007B634F /* mcreatorheader.m in Sources */,
				DA84489E1C6953A3007B634F /* vcreatorcel.m in Sources */,
				DA8448751C693547007B634F /* cturing.m in Sources */,
				DA97E3FE1C6920D90084FFDF /* appdel.m in Sources */,
				DA0156A21C6A303A00FAC166 /* mcreatoraddtypecolor.m in Sources */,
				DA97E4091C6920D90084FFDF /* mdbcreate.m in Sources */,
				DA97E4011C6920D90084FFDF /* analytics.m in Sources */,
				DA97E40C1C6920D90084FFDF /* vblur.m in Sources */,
				DA8448871C6949BF007B634F /* vturingbar.m in Sources */,
				DA97E4021C6920D90084FFDF /* tools.m in Sources */,
				DA97E4101C6920D90084FFDF /* vratemenu.m in Sources */,
				DA8448981C6952D0007B634F /* vcreator.m in Sources */,
				DA84488D1C6949DC007B634F /* vturingcel.m in Sources */,
				DA97E40E1C6920D90084FFDF /* vspinner.m in Sources */,
				DA84488A1C6949D2007B634F /* vturingheader.m in Sources */,
				DA0156981C6A2BAD00FAC166 /* vcreatoraddcelnumber.m in Sources */,
				DA01569B1C6A2E3500FAC166 /* vcreatoraddfooter.m in Sources */,
				DA0156951C6A2BA200FAC166 /* vcreatoraddcelimage.m in Sources */,
				DA97E4031C6920D90084FFDF /* updater.m in Sources */,
			);
			runOnlyForDeploymentPostprocessing = 0;
		};
/* End PBXSourcesBuildPhase section */

/* Begin PBXVariantGroup section */
		DA84488E1C6950DF007B634F /* Localizable.strings */ = {
			isa = PBXVariantGroup;
			children = (
				DA84488F1C6950DF007B634F /* en */,
			);
			name = Localizable.strings;
			sourceTree = "<group>";
		};
/* End PBXVariantGroup section */

/* Begin XCBuildConfiguration section */
		DA020D791C691BA0000BF8A4 /* Debug */ = {
			isa = XCBuildConfiguration;
			buildSettings = {
				ALWAYS_SEARCH_USER_PATHS = NO;
				CLANG_CXX_LANGUAGE_STANDARD = "gnu++0x";
				CLANG_CXX_LIBRARY = "libc++";
				CLANG_ENABLE_MODULES = YES;
				CLANG_ENABLE_OBJC_ARC = YES;
				CLANG_WARN_BOOL_CONVERSION = YES;
				CLANG_WARN_CONSTANT_CONVERSION = YES;
				CLANG_WARN_DIRECT_OBJC_ISA_USAGE = YES_ERROR;
				CLANG_WARN_EMPTY_BODY = YES;
				CLANG_WARN_ENUM_CONVERSION = YES;
				CLANG_WARN_INT_CONVERSION = YES;
				CLANG_WARN_OBJC_ROOT_CLASS = YES_ERROR;
				CLANG_WARN_UNREACHABLE_CODE = YES;
				CLANG_WARN__DUPLICATE_METHOD_MATCH = YES;
				"CODE_SIGN_IDENTITY[sdk=iphoneos*]" = "iPhone Developer";
				COPY_PHASE_STRIP = NO;
				DEBUG_INFORMATION_FORMAT = dwarf;
				ENABLE_STRICT_OBJC_MSGSEND = YES;
				ENABLE_TESTABILITY = YES;
				GCC_C_LANGUAGE_STANDARD = gnu99;
				GCC_DYNAMIC_NO_PIC = NO;
				GCC_NO_COMMON_BLOCKS = YES;
				GCC_OPTIMIZATION_LEVEL = 0;
				GCC_PREPROCESSOR_DEFINITIONS = (
					"DEBUG=1",
					"$(inherited)",
				);
				GCC_WARN_64_TO_32_BIT_CONVERSION = YES;
				GCC_WARN_ABOUT_RETURN_TYPE = YES_ERROR;
				GCC_WARN_UNDECLARED_SELECTOR = YES;
				GCC_WARN_UNINITIALIZED_AUTOS = YES_AGGRESSIVE;
				GCC_WARN_UNUSED_FUNCTION = YES;
				GCC_WARN_UNUSED_VARIABLE = YES;
				IPHONEOS_DEPLOYMENT_TARGET = 7.0;
				MTL_ENABLE_DEBUG_INFO = YES;
				ONLY_ACTIVE_ARCH = YES;
				SDKROOT = iphoneos;
				TARGETED_DEVICE_FAMILY = "1,2";
			};
			name = Debug;
		};
		DA020D7A1C691BA0000BF8A4 /* Release */ = {
			isa = XCBuildConfiguration;
			buildSettings = {
				ALWAYS_SEARCH_USER_PATHS = NO;
				CLANG_CXX_LANGUAGE_STANDARD = "gnu++0x";
				CLANG_CXX_LIBRARY = "libc++";
				CLANG_ENABLE_MODULES = YES;
				CLANG_ENABLE_OBJC_ARC = YES;
				CLANG_WARN_BOOL_CONVERSION = YES;
				CLANG_WARN_CONSTANT_CONVERSION = YES;
				CLANG_WARN_DIRECT_OBJC_ISA_USAGE = YES_ERROR;
				CLANG_WARN_EMPTY_BODY = YES;
				CLANG_WARN_ENUM_CONVERSION = YES;
				CLANG_WARN_INT_CONVERSION = YES;
				CLANG_WARN_OBJC_ROOT_CLASS = YES_ERROR;
				CLANG_WARN_UNREACHABLE_CODE = YES;
				CLANG_WARN__DUPLICATE_METHOD_MATCH = YES;
				"CODE_SIGN_IDENTITY[sdk=iphoneos*]" = "iPhone Developer";
				COPY_PHASE_STRIP = NO;
				DEBUG_INFORMATION_FORMAT = "dwarf-with-dsym";
				ENABLE_NS_ASSERTIONS = NO;
				ENABLE_STRICT_OBJC_MSGSEND = YES;
				GCC_C_LANGUAGE_STANDARD = gnu99;
				GCC_NO_COMMON_BLOCKS = YES;
				GCC_WARN_64_TO_32_BIT_CONVERSION = YES;
				GCC_WARN_ABOUT_RETURN_TYPE = YES_ERROR;
				GCC_WARN_UNDECLARED_SELECTOR = YES;
				GCC_WARN_UNINITIALIZED_AUTOS = YES_AGGRESSIVE;
				GCC_WARN_UNUSED_FUNCTION = YES;
				GCC_WARN_UNUSED_VARIABLE = YES;
				IPHONEOS_DEPLOYMENT_TARGET = 7.0;
				MTL_ENABLE_DEBUG_INFO = NO;
				SDKROOT = iphoneos;
				TARGETED_DEVICE_FAMILY = "1,2";
				VALIDATE_PRODUCT = YES;
			};
			name = Release;
		};
		DA020D7C1C691BA0000BF8A4 /* Debug */ = {
			isa = XCBuildConfiguration;
			baseConfigurationReference = E79309400496C5F107A745D3 /* Pods-TuringCop.debug.xcconfig */;
			buildSettings = {
				ASSETCATALOG_COMPILER_APPICON_NAME = AppIcon;
				ASSETCATALOG_COMPILER_LAUNCHIMAGE_NAME = "Brand Assets";
				ENABLE_BITCODE = NO;
				INFOPLIST_FILE = "$(SRCROOT)/TuringCop/sourceteq/core/Info.plist";
				LD_RUNPATH_SEARCH_PATHS = "$(inherited) @executable_path/Frameworks";
				LIBRARY_SEARCH_PATHS = (
					"$(inherited)",
					"$(PROJECT_DIR)/TuringCop/sourceteq",
				);
				PRODUCT_BUNDLE_IDENTIFIER = iturbide.TuringCop;
				PRODUCT_NAME = "$(TARGET_NAME)";
				TARGETED_DEVICE_FAMILY = "1,2";
			};
			name = Debug;
		};
		DA020D7D1C691BA0000BF8A4 /* Release */ = {
			isa = XCBuildConfiguration;
			baseConfigurationReference = 6A1C7E1967ABA1D73AAC0B0B /* Pods-TuringCop.release.xcconfig */;
			buildSettings = {
				ASSETCATALOG_COMPILER_APPICON_NAME = AppIcon;
				ASSETCATALOG_COMPILER_LAUNCHIMAGE_NAME = "Brand Assets";
				ENABLE_BITCODE = NO;
				INFOPLIST_FILE = "$(SRCROOT)/TuringCop/sourceteq/core/Info.plist";
				LD_RUNPATH_SEARCH_PATHS = "$(inherited) @executable_path/Frameworks";
				LIBRARY_SEARCH_PATHS = (
					"$(inherited)",
					"$(PROJECT_DIR)/TuringCop/sourceteq",
				);
				PRODUCT_BUNDLE_IDENTIFIER = iturbide.TuringCop;
				PRODUCT_NAME = "$(TARGET_NAME)";
				TARGETED_DEVICE_FAMILY = "1,2";
			};
			name = Release;
		};
/* End XCBuildConfiguration section */

/* Begin XCConfigurationList section */
		DA020D5F1C691B9F000BF8A4 /* Build configuration list for PBXProject "TuringCop" */ = {
			isa = XCConfigurationList;
			buildConfigurations = (
				DA020D791C691BA0000BF8A4 /* Debug */,
				DA020D7A1C691BA0000BF8A4 /* Release */,
			);
			defaultConfigurationIsVisible = 0;
			defaultConfigurationName = Release;
		};
		DA020D7B1C691BA0000BF8A4 /* Build configuration list for PBXNativeTarget "TuringCop" */ = {
			isa = XCConfigurationList;
			buildConfigurations = (
				DA020D7C1C691BA0000BF8A4 /* Debug */,
				DA020D7D1C691BA0000BF8A4 /* Release */,
			);
			defaultConfigurationIsVisible = 0;
			defaultConfigurationName = Release;
		};
/* End XCConfigurationList section */
	};
	rootObject = DA020D5C1C691B9F000BF8A4 /* Project object */;
}
